
Microsoft Visual Studio Solution File, Format Version 12.00
# Visual Studio Version 17
VisualStudioVersion = 17.6.33723.286
MinimumVisualStudioVersion = 10.0.40219.1
Project("{FAE04EC0-301F-11D3-BF4B-00C04F79EFBC}") = "TestTask", "TestTask\TestTask.csproj", "{AA4F0165-F6C5-47E2-9A81-89C409D0165C}"
EndProject
Global
	GlobalSection(SolutionConfigurationPlatforms) = preSolution
		Debug|Any CPU = Debug|Any CPU
		Release|Any CPU = Release|Any CPU
	EndGlobalSection
	GlobalSection(ProjectConfigurationPlatforms) = postSolution
		{AA4F0165-F6C5-47E2-9A81-89C409D0165C}.Debug|Any CPU.ActiveCfg = Debug|Any CPU
		{AA4F0165-F6C5-47E2-9A81-89C409D0165C}.Debug|Any CPU.Build.0 = Debug|Any CPU
		{AA4F0165-F6C5-47E2-9A81-89C409D0165C}.Release|Any CPU.ActiveCfg = Release|Any CPU
		{AA4F0165-F6C5-47E2-9A81-89C409D0165C}.Release|Any CPU.Build.0 = Release|Any CPU
	EndGlobalSection
	GlobalSection(SolutionProperties) = preSolution
		HideSolutionNode = FALSE
	EndGlobalSection
	GlobalSection(ExtensibilityGlobals) = postSolution
		SolutionGuid = {9B6B3A79-98C1-4B6B-9169-35A76B3FF2F3}
	EndGlobalSection
EndGlobal
